PODS:
  - AwaitKit (5.2.0):
    - PromiseKit (~> 6)
  - PromiseKit (6.11.0):
    - PromiseKit/CorePromise (= 6.11.0)
    - PromiseKit/Foundation (= 6.11.0)
    - PromiseKit/UIKit (= 6.11.0)
  - PromiseKit/CorePromise (6.11.0)
  - PromiseKit/Foundation (6.11.0):
    - PromiseKit/CorePromise
  - PromiseKit/UIKit (6.11.0):
    - PromiseKit/CorePromise

DEPENDENCIES:
  - AwaitKit

SPEC REPOS:
  trunk:
    - AwaitKit
    - PromiseKit

SPEC CHECKSUMS:
  AwaitKit: 512626cd12c82b1fbffddc8f414d0364cb456004
  PromiseKit: e4863d06976e7dee5e41c04fc7371c16b3600292

PODFILE CHECKSUM: 6b2f00d53c7eda4ef7c061e79c42522a1d784dd1

COCOAPODS: 1.8.3
