// !$*UTF8*$!
{
	archiveVersion = 1;
	classes = {
	};
	objectVersion = 51;
	objects = {

/* Begin PBXBuildFile section */
		79A822132350F964005044F6 /* AppDelegate.swift in Sources */ = {isa = PBXBuildFile; fileRef = 79A822122350F964005044F6 /* AppDelegate.swift */; };
		79A822152350F964005044F6 /* SceneDelegate.swift in Sources */ = {isa = PBXBuildFile; fileRef = 79A822142350F964005044F6 /* SceneDelegate.swift */; };
		79A822172350F964005044F6 /* ViewController.swift in Sources */ = {isa = PBXBuildFile; fileRef = 79A822162350F964005044F6 /* ViewController.swift */; };
		79A8221A2350F964005044F6 /* Main.storyboard in Resources */ = {isa = PBXBuildFile; fileRef = 79A822182350F964005044F6 /* Main.storyboard */; };
		79A8221C2350F965005044F6 /* Assets.xcassets in Resources */ = {isa = PBXBuildFile; fileRef = 79A8221B2350F965005044F6 /* Assets.xcassets */; };
		79A8221F2350F965005044F6 /* LaunchScreen.storyboard in Resources */ = {isa = PBXBuildFile; fileRef = 79A8221D2350F965005044F6 /* LaunchScreen.storyboard */; };
		79A822292351075B005044F6 /* RandomUser.swift in Sources */ = {isa = PBXBuildFile; fileRef = 79A822282351075B005044F6 /* RandomUser.swift */; };
		79A8222B23510A42005044F6 /* Helpers.swift in Sources */ = {isa = PBXBuildFile; fileRef = 79A8222A23510A42005044F6 /* Helpers.swift */; };
		DB3FC61F90C2DE4FA13DE241 /* Pods_AwaitKitDemo.framework in Frameworks */ = {isa = PBXBuildFile; fileRef = FB7127EE33EA6F855B673720 /* Pods_AwaitKitDemo.framework */; };
/* End PBXBuildFile section */

/* Begin PBXFileReference section */
		0C69ECB6D6C3743C94592E14 /* Pods-AwaitKitDemo.debug.xcconfig */ = {isa = PBXFileReference; includeInIndex = 1; lastKnownFileType = text.xcconfig; name = "Pods-AwaitKitDemo.debug.xcconfig"; path = "Target Support Files/Pods-AwaitKitDemo/Pods-AwaitKitDemo.debug.xcconfig"; sourceTree = "<group>"; };
		275B54E3A66E75D94434E7F9 /* Pods-AwaitKitDemo.release.xcconfig */ = {isa = PBXFileReference; includeInIndex = 1; lastKnownFileType = text.xcconfig; name = "Pods-AwaitKitDemo.release.xcconfig"; path = "Target Support Files/Pods-AwaitKitDemo/Pods-AwaitKitDemo.release.xcconfig"; sourceTree = "<group>"; };
		79A8220F2350F964005044F6 /* AwaitKitDemo.app */ = {isa = PBXFileReference; explicitFileType = wrapper.application; includeInIndex = 0; path = AwaitKitDemo.app; sourceTree = BUILT_PRODUCTS_DIR; };
		79A822122350F964005044F6 /* AppDelegate.swift */ = {isa = PBXFileReference; lastKnownFileType = sourcecode.swift; path = AppDelegate.swift; sourceTree = "<group>"; };
		79A822142350F964005044F6 /* SceneDelegate.swift */ = {isa = PBXFileReference; lastKnownFileType = sourcecode.swift; path = SceneDelegate.swift; sourceTree = "<group>"; };
		79A822162350F964005044F6 /* ViewController.swift */ = {isa = PBXFileReference; lastKnownFileType = sourcecode.swift; path = ViewController.swift; sourceTree = "<group>"; };
		79A822192350F964005044F6 /* Base */ = {isa = PBXFileReference; lastKnownFileType = file.storyboard; name = Base; path = Base.lproj/Main.storyboard; sourceTree = "<group>"; };
		79A8221B2350F965005044F6 /* Assets.xcassets */ = {isa = PBXFileReference; lastKnownFileType = folder.assetcatalog; path = Assets.xcassets; sourceTree = "<group>"; };
		79A8221E2350F965005044F6 /* Base */ = {isa = PBXFileReference; lastKnownFileType = file.storyboard; name = Base; path = Base.lproj/LaunchScreen.storyboard; sourceTree = "<group>"; };
		79A822202350F965005044F6 /* Info.plist */ = {isa = PBXFileReference; lastKnownFileType = text.plist.xml; path = Info.plist; sourceTree = "<group>"; };
		79A822282351075B005044F6 /* RandomUser.swift */ = {isa = PBXFileReference; lastKnownFileType = sourcecode.swift; path = RandomUser.swift; sourceTree = "<group>"; };
		79A8222A23510A42005044F6 /* Helpers.swift */ = {isa = PBXFileReference; lastKnownFileType = sourcecode.swift; path = Helpers.swift; sourceTree = "<group>"; };
		FB7127EE33EA6F855B673720 /* Pods_AwaitKitDemo.framework */ = {isa = PBXFileReference; explicitFileType = wrapper.framework; includeInIndex = 0; path = Pods_AwaitKitDemo.framework; sourceTree = BUILT_PRODUCTS_DIR; };
/* End PBXFileReference section */

/* Begin PBXFrameworksBuildPhase section */
		79A8220C2350F964005044F6 /* Frameworks */ = {
			isa = PBXFrameworksBuildPhase;
			buildActionMask = 2147483647;
			files = (
				DB3FC61F90C2DE4FA13DE241 /* Pods_AwaitKitDemo.framework in Frameworks */,
			);
			runOnlyForDeploymentPostprocessing = 0;
		};
/* End PBXFrameworksBuildPhase section */

/* Begin PBXGroup section */
		79A822062350F964005044F6 = {
			isa = PBXGroup;
			children = (
				79A822112350F964005044F6 /* AwaitKitDemo */,
				79A822102350F964005044F6 /* Products */,
				85EDFAAEA95D2DE331224F34 /* Pods */,
				95E5A2B108F4D778528D9C00 /* Frameworks */,
			);
			sourceTree = "<group>";
		};
		79A822102350F964005044F6 /* Products */ = {
			isa = PBXGroup;
			children = (
				79A8220F2350F964005044F6 /* AwaitKitDemo.app */,
			);
			name = Products;
			sourceTree = "<group>";
		};
		79A822112350F964005044F6 /* AwaitKitDemo */ = {
			isa = PBXGroup;
			children = (
				79A822122350F964005044F6 /* AppDelegate.swift */,
				79A822142350F964005044F6 /* SceneDelegate.swift */,
				79A822162350F964005044F6 /* ViewController.swift */,
				79A822282351075B005044F6 /* RandomUser.swift */,
				79A8222A23510A42005044F6 /* Helpers.swift */,
				79A822182350F964005044F6 /* Main.storyboard */,
				79A8221B2350F965005044F6 /* Assets.xcassets */,
				79A8221D2350F965005044F6 /* LaunchScreen.storyboard */,
				79A822202350F965005044F6 /* Info.plist */,
			);
			path = AwaitKitDemo;
			sourceTree = "<group>";
		};
		85EDFAAEA95D2DE331224F34 /* Pods */ = {
			isa = PBXGroup;
			children = (
				0C69ECB6D6C3743C94592E14 /* Pods-AwaitKitDemo.debug.xcconfig */,
				275B54E3A66E75D94434E7F9 /* Pods-AwaitKitDemo.release.xcconfig */,
			);
			path = Pods;
			sourceTree = "<group>";
		};
		95E5A2B108F4D778528D9C00 /* Frameworks */ = {
			isa = PBXGroup;
			children = (
				FB7127EE33EA6F855B673720 /* Pods_AwaitKitDemo.framework */,
			);
			name = Frameworks;
			sourceTree = "<group>";
		};
/* End PBXGroup section */

/* Begin PBXNativeTarget section */
		79A8220E2350F964005044F6 /* AwaitKitDemo */ = {
			isa = PBXNativeTarget;
			buildConfigurationList = 79A822232350F965005044F6 /* Build configuration list for PBXNativeTarget "AwaitKitDemo" */;
			buildPhases = (
				7E1AC3FC9D74E0063BC5D44A /* [CP] Check Pods Manifest.lock */,
				79A8220B2350F964005044F6 /* Sources */,
				79A8220C2350F964005044F6 /* Frameworks */,
				79A8220D2350F964005044F6 /* Resources */,
				C82C267AB776159EB1769AD1 /* [CP] Embed Pods Frameworks */,
			);
			buildRules = (
			);
			dependencies = (
			);
			name = AwaitKitDemo;
			productName = AwaitKitDemo;
			productReference = 79A8220F2350F964005044F6 /* AwaitKitDemo.app */;
			productType = "com.apple.product-type.application";
		};
/* End PBXNativeTarget section */

/* Begin PBXProject section */
		79A822072350F964005044F6 /* Project object */ = {
			isa = PBXProject;
			attributes = {
				LastSwiftUpdateCheck = 1110;
				LastUpgradeCheck = 1110;
				ORGANIZATIONNAME = "Manish Kumar";
				TargetAttributes = {
					79A8220E2350F964005044F6 = {
						CreatedOnToolsVersion = 11.1;
					};
				};
			};
			buildConfigurationList = 79A8220A2350F964005044F6 /* Build configuration list for PBXProject "AwaitKitDemo" */;
			compatibilityVersion = "Xcode 9.3";
			developmentRegion = en;
			hasScannedForEncodings = 0;
			knownRegions = (
				en,
				Base,
			);
			mainGroup = 79A822062350F964005044F6;
			productRefGroup = 79A822102350F964005044F6 /* Products */;
			projectDirPath = "";
			projectRoot = "";
			targets = (
				79A8220E2350F964005044F6 /* AwaitKitDemo */,
			);
		};
/* End PBXProject section */

/* Begin PBXResourcesBuildPhase section */
		79A8220D2350F964005044F6 /* Resources */ = {
			isa = PBXResourcesBuildPhase;
			buildActionMask = 2147483647;
			files = (
				79A8221F2350F965005044F6 /* LaunchScreen.storyboard in Resources */,
				79A8221C2350F965005044F6 /* Assets.xcassets in Resources */,
				79A8221A2350F964005044F6 /* Main.storyboard in Resources */,
			);
			runOnlyForDeploymentPostprocessing = 0;
		};
/* End PBXResourcesBuildPhase section */

/* Begin PBXShellScriptBuildPhase section */
		7E1AC3FC9D74E0063BC5D44A /* [CP] Check Pods Manifest.lock */ = {
			isa = PBXShellScriptBuildPhase;
			buildActionMask = 2147483647;
			files = (
			);
			inputFileListPaths = (
			);
			inputPaths = (
				"${PODS_PODFILE_DIR_PATH}/Podfile.lock",
				"${PODS_ROOT}/Manifest.lock",
			);
			name = "[CP] Check Pods Manifest.lock";
			outputFileListPaths = (
			);
			outputPaths = (
				"$(DERIVED_FILE_DIR)/Pods-AwaitKitDemo-checkManifestLockResult.txt",
			);
			runOnlyForDeploymentPostprocessing = 0;
			shellPath = /bin/sh;
			shellScript = "diff \"${PODS_PODFILE_DIR_PATH}/Podfile.lock\" \"${PODS_ROOT}/Manifest.lock\" > /dev/null\nif [ $? != 0 ] ; then\n    # print error to STDERR\n    echo \"error: The sandbox is not in sync with the Podfile.lock. Run 'pod install' or update your CocoaPods installation.\" >&2\n    exit 1\nfi\n# This output is used by Xcode 'outputs' to avoid re-running this script phase.\necho \"SUCCESS\" > \"${SCRIPT_OUTPUT_FILE_0}\"\n";
			showEnvVarsInLog = 0;
		};
		C82C267AB776159EB1769AD1 /* [CP] Embed Pods Frameworks */ = {
			isa = PBXShellScriptBuildPhase;
			buildActionMask = 2147483647;
			files = (
			);
			inputFileListPaths = (
				"${PODS_ROOT}/Target Support Files/Pods-AwaitKitDemo/Pods-AwaitKitDemo-frameworks-${CONFIGURATION}-input-files.xcfilelist",
			);
			name = "[CP] Embed Pods Frameworks";
			outputFileListPaths = (
				"${PODS_ROOT}/Target Support Files/Pods-AwaitKitDemo/Pods-AwaitKitDemo-frameworks-${CONFIGURATION}-output-files.xcfilelist",
			);
			runOnlyForDeploymentPostprocessing = 0;
			shellPath = /bin/sh;
			shellScript = "\"${PODS_ROOT}/Target Support Files/Pods-AwaitKitDemo/Pods-AwaitKitDemo-frameworks.sh\"\n";
			showEnvVarsInLog = 0;
		};
/* End PBXShellScriptBuildPhase section */

/* Begin PBXSourcesBuildPhase section */
		79A8220B2350F964005044F6 /* Sources */ = {
			isa = PBXSourcesBuildPhase;
			buildActionMask = 2147483647;
			files = (
				79A822172350F964005044F6 /* ViewController.swift in Sources */,
				79A822132350F964005044F6 /* AppDelegate.swift in Sources */,
				79A822152350F964005044F6 /* SceneDelegate.swift in Sources */,
				79A8222B23510A42005044F6 /* Helpers.swift in Sources */,
				79A822292351075B005044F6 /* RandomUser.swift in Sources */,
			);
			runOnlyForDeploymentPostprocessing = 0;
		};
/* End PBXSourcesBuildPhase section */

/* Begin PBXVariantGroup section */
		79A822182350F964005044F6 /* Main.storyboard */ = {
			isa = PBXVariantGroup;
			children = (
				79A822192350F964005044F6 /* Base */,
			);
			name = Main.storyboard;
			sourceTree = "<group>";
		};
		79A8221D2350F965005044F6 /* LaunchScreen.storyboard */ = {
			isa = PBXVariantGroup;
			children = (
				79A8221E2350F965005044F6 /* Base */,
			);
			name = LaunchScreen.storyboard;
			sourceTree = "<group>";
		};
/* End PBXVariantGroup section */

/* Begin XCBuildConfiguration section */
		79A822212350F965005044F6 /* Debug */ = {
			isa = XCBuildConfiguration;
			buildSettings = {
				ALWAYS_SEARCH_USER_PATHS = NO;
				CLANG_ANALYZER_NONNULL = YES;
				CLANG_ANALYZER_NUMBER_OBJECT_CONVERSION = YES_AGGRESSIVE;
				CLANG_CXX_LANGUAGE_STANDARD = "gnu++14";
				CLANG_CXX_LIBRARY = "libc++";
				CLANG_ENABLE_MODULES = YES;
				CLANG_ENABLE_OBJC_ARC = YES;
				CLANG_ENABLE_OBJC_WEAK = YES;
				CLANG_WARN_BLOCK_CAPTURE_AUTORELEASING = YES;
				CLANG_WARN_BOOL_CONVERSION = YES;
				CLANG_WARN_COMMA = YES;
				CLANG_WARN_CONSTANT_CONVERSION = YES;
				CLANG_WARN_DEPRECATED_OBJC_IMPLEMENTATIONS = YES;
				CLANG_WARN_DIRECT_OBJC_ISA_USAGE = YES_ERROR;
				CLANG_WARN_DOCUMENTATION_COMMENTS = YES;
				CLANG_WARN_EMPTY_BODY = YES;
				CLANG_WARN_ENUM_CONVERSION = YES;
				CLANG_WARN_INFINITE_RECURSION = YES;
				CLANG_WARN_INT_CONVERSION = YES;
				CLANG_WARN_NON_LITERAL_NULL_CONVERSION = YES;
				CLANG_WARN_OBJC_IMPLICIT_RETAIN_SELF = YES;
				CLANG_WARN_OBJC_LITERAL_CONVERSION = YES;
				CLANG_WARN_OBJC_ROOT_CLASS = YES_ERROR;
				CLANG_WARN_RANGE_LOOP_ANALYSIS = YES;
				CLANG_WARN_STRICT_PROTOTYPES = YES;
				CLANG_WARN_SUSPICIOUS_MOVE = YES;
				CLANG_WARN_UNGUARDED_AVAILABILITY = YES_AGGRESSIVE;
				CLANG_WARN_UNREACHABLE_CODE = YES;
				CLANG_WARN__DUPLICATE_METHOD_MATCH = YES;
				COPY_PHASE_STRIP = NO;
				DEBUG_INFORMATION_FORMAT = dwarf;
				ENABLE_STRICT_OBJC_MSGSEND = YES;
				ENABLE_TESTABILITY = YES;
				GCC_C_LANGUAGE_STANDARD = gnu11;
				GCC_DYNAMIC_NO_PIC = NO;
				GCC_NO_COMMON_BLOCKS = YES;
				GCC_OPTIMIZATION_LEVEL = 0;
				GCC_PREPROCESSOR_DEFINITIONS = (
					"DEBUG=1",
					"$(inherited)",
				);
				GCC_WARN_64_TO_32_BIT_CONVERSION = YES;
				GCC_WARN_ABOUT_RETURN_TYPE = YES_ERROR;
				GCC_WARN_UNDECLARED_SELECTOR = YES;
				GCC_WARN_UNINITIALIZED_AUTOS = YES_AGGRESSIVE;
				GCC_WARN_UNUSED_FUNCTION = YES;
				GCC_WARN_UNUSED_VARIABLE = YES;
				IPHONEOS_DEPLOYMENT_TARGET = 13.1;
				MTL_ENABLE_DEBUG_INFO = INCLUDE_SOURCE;
				MTL_FAST_MATH = YES;
				ONLY_ACTIVE_ARCH = YES;
				SDKROOT = iphoneos;
				SWIFT_ACTIVE_COMPILATION_CONDITIONS = DEBUG;
				SWIFT_OPTIMIZATION_LEVEL = "-Onone";
			};
			name = Debug;
		};
		79A822222350F965005044F6 /* Release */ = {
			isa = XCBuildConfiguration;
			buildSettings = {
				ALWAYS_SEARCH_USER_PATHS = NO;
				CLANG_ANALYZER_NONNULL = YES;
				CLANG_ANALYZER_NUMBER_OBJECT_CONVERSION = YES_AGGRESSIVE;
				CLANG_CXX_LANGUAGE_STANDARD = "gnu++14";
				CLANG_CXX_LIBRARY = "libc++";
				CLANG_ENABLE_MODULES = YES;
				CLANG_ENABLE_OBJC_ARC = YES;
				CLANG_ENABLE_OBJC_WEAK = YES;
				CLANG_WARN_BLOCK_CAPTURE_AUTORELEASING = YES;
				CLANG_WARN_BOOL_CONVERSION = YES;
				CLANG_WARN_COMMA = YES;
				CLANG_WARN_CONSTANT_CONVERSION = YES;
				CLANG_WARN_DEPRECATED_OBJC_IMPLEMENTATIONS = YES;
				CLANG_WARN_DIRECT_OBJC_ISA_USAGE = YES_ERROR;
				CLANG_WARN_DOCUMENTATION_COMMENTS = YES;
				CLANG_WARN_EMPTY_BODY = YES;
				CLANG_WARN_ENUM_CONVERSION = YES;
				CLANG_WARN_INFINITE_RECURSION = YES;
				CLANG_WARN_INT_CONVERSION = YES;
				CLANG_WARN_NON_LITERAL_NULL_CONVERSION = YES;
				CLANG_WARN_OBJC_IMPLICIT_RETAIN_SELF = YES;
				CLANG_WARN_OBJC_LITERAL_CONVERSION = YES;
				CLANG_WARN_OBJC_ROOT_CLASS = YES_ERROR;
				CLANG_WARN_RANGE_LOOP_ANALYSIS = YES;
				CLANG_WARN_STRICT_PROTOTYPES = YES;
				CLANG_WARN_SUSPICIOUS_MOVE = YES;
				CLANG_WARN_UNGUARDED_AVAILABILITY = YES_AGGRESSIVE;
				CLANG_WARN_UNREACHABLE_CODE = YES;
				CLANG_WARN__DUPLICATE_METHOD_MATCH = YES;
				COPY_PHASE_STRIP = NO;
				DEBUG_INFORMATION_FORMAT = "dwarf-with-dsym";
				ENABLE_NS_ASSERTIONS = NO;
				ENABLE_STRICT_OBJC_MSGSEND = YES;
				GCC_C_LANGUAGE_STANDARD = gnu11;
				GCC_NO_COMMON_BLOCKS = YES;
				GCC_WARN_64_TO_32_BIT_CONVERSION = YES;
				GCC_WARN_ABOUT_RETURN_TYPE = YES_ERROR;
				GCC_WARN_UNDECLARED_SELECTOR = YES;
				GCC_WARN_UNINITIALIZED_AUTOS = YES_AGGRESSIVE;
				GCC_WARN_UNUSED_FUNCTION = YES;
				GCC_WARN_UNUSED_VARIABLE = YES;
				IPHONEOS_DEPLOYMENT_TARGET = 13.1;
				MTL_ENABLE_DEBUG_INFO = NO;
				MTL_FAST_MATH = YES;
				SDKROOT = iphoneos;
				SWIFT_COMPILATION_MODE = wholemodule;
				SWIFT_OPTIMIZATION_LEVEL = "-O";
				VALIDATE_PRODUCT = YES;
			};
			name = Release;
		};
		79A822242350F965005044F6 /* Debug */ = {
			isa = XCBuildConfiguration;
			baseConfigurationReference = 0C69ECB6D6C3743C94592E14 /* Pods-AwaitKitDemo.debug.xcconfig */;
			buildSettings = {
				ASSETCATALOG_COMPILER_APPICON_NAME = AppIcon;
				CODE_SIGN_STYLE = Automatic;
				DEVELOPMENT_TEAM = 9BPGVT33ND;
				INFOPLIST_FILE = AwaitKitDemo/Info.plist;
				LD_RUNPATH_SEARCH_PATHS = (
					"$(inherited)",
					"@executable_path/Frameworks",
				);
				PRODUCT_BUNDLE_IDENTIFIER = com.manish.AwaitKitDemo;
				PRODUCT_NAME = "$(TARGET_NAME)";
				SWIFT_VERSION = 5.0;
				TARGETED_DEVICE_FAMILY = "1,2";
			};
			name = Debug;
		};
		79A822252350F965005044F6 /* Release */ = {
			isa = XCBuildConfiguration;
			baseConfigurationReference = 275B54E3A66E75D94434E7F9 /* Pods-AwaitKitDemo.release.xcconfig */;
			buildSettings = {
				ASSETCATALOG_COMPILER_APPICON_NAME = AppIcon;
				CODE_SIGN_STYLE = Automatic;
				DEVELOPMENT_TEAM = 9BPGVT33ND;
				INFOPLIST_FILE = AwaitKitDemo/Info.plist;
				LD_RUNPATH_SEARCH_PATHS = (
					"$(inherited)",
					"@executable_path/Frameworks",
				);
				PRODUCT_BUNDLE_IDENTIFIER = com.manish.AwaitKitDemo;
				PRODUCT_NAME = "$(TARGET_NAME)";
				SWIFT_VERSION = 5.0;
				TARGETED_DEVICE_FAMILY = "1,2";
			};
			name = Release;
		};
/* End XCBuildConfiguration section */

/* Begin XCConfigurationList section */
		79A8220A2350F964005044F6 /* Build configuration list for PBXProject "AwaitKitDemo" */ = {
			isa = XCConfigurationList;
			buildConfigurations = (
				79A822212350F965005044F6 /* Debug */,
				79A822222350F965005044F6 /* Release */,
			);
			defaultConfigurationIsVisible = 0;
			defaultConfigurationName = Release;
		};
		79A822232350F965005044F6 /* Build configuration list for PBXNativeTarget "AwaitKitDemo" */ = {
			isa = XCConfigurationList;
			buildConfigurations = (
				79A822242350F965005044F6 /* Debug */,
				79A822252350F965005044F6 /* Release */,
			);
			defaultConfigurationIsVisible = 0;
			defaultConfigurationName = Release;
		};
/* End XCConfigurationList section */
	};
	rootObject = 79A822072350F964005044F6 /* Project object */;
}
